{
  "name": "chopper-report",
  "requires": true,
  "lockfileVersion": 1,
  "dependencies": {
    "@rxdi/firelink": {
      "version": "0.8.0",
      "resolved": "https://registry.npmjs.org/@rxdi/firelink/-/firelink-0.8.0.tgz",
      "integrity": "sha512-1ltFgblTIfnyFDYpPkcyjnbsz3IKw196fbBTKMcjvJ3O1a6muNjIHXCZFLhbdK9kT6gvckVc1NPGL7cTxNULHw==",
      "dev": true
    }
  }
}
